
Microsoft Visual Studio Solution File, Format Version 12.00
# Visual Studio Version 17
VisualStudioVersion = 17.0.31903.59
MinimumVisualStudioVersion = 10.0.40219.1
Project("{8BC9CEB8-8B4A-11D0-8D11-00A0C91BC942}") = "pcsx2_offsetreader", "native\pcsx2_offsetreader\pcsx2_offsetreader.vcxproj", "{3A86850C-FEA6-4F9E-BEF7-8EF3704F854A}"
EndProject
Project("{2150E333-8FDC-42A3-9474-1A3956D46DE8}") = "src", "src", "{0B3B4EB0-F44F-4302-8C75-4FD25AE23591}"
EndProject
Project("{2150E333-8FDC-42A3-9474-1A3956D46DE8}") = "tests", "tests", "{6DE9B69B-162A-47E6-AC39-E40AE35AA716}"
EndProject
Project("{FAE04EC0-301F-11D3-BF4B-00C04F79EFBC}") = "DarkCloud.Memory.Abstractions", "src\DarkCloud.Memory.Abstractions\DarkCloud.Memory.Abstractions.csproj", "{05B3D7B6-152D-4936-BE4A-B352CE971CEB}"
EndProject
Project("{FAE04EC0-301F-11D3-BF4B-00C04F79EFBC}") = "DarkCloud.Memory.ContractTests", "tests\DarkCloud.Memory.ContractTests\DarkCloud.Memory.ContractTests.csproj", "{024395CB-F045-408E-99D0-FF5C085E8BD3}"
EndProject
Project("{FAE04EC0-301F-11D3-BF4B-00C04F79EFBC}") = "DarkCloudEnhancedMod.IntegrationTests", "tests\DarkCloudEnhancedMod.IntegrationTests\DarkCloudEnhancedMod.IntegrationTests.csproj", "{2D9383A5-2190-4B76-923F-AA834D863FA2}"
EndProject
Project("{2150E333-8FDC-42A3-9474-1A3956D46DE8}") = "tools", "tools", "{A548299F-A303-4598-A685-4CD180EFF77D}"
EndProject
Project("{FAE04EC0-301F-11D3-BF4B-00C04F79EFBC}") = "AddressGenerator", "tools\AddressGenerator\AddressGenerator.csproj", "{D7B1BF64-20B3-4F17-9FD1-5CBDF4651D9B}"
EndProject
Project("{FAE04EC0-301F-11D3-BF4B-00C04F79EFBC}") = "FakeProcess", "tests\windows_smoke\FakeProcess.csproj", "{A09E496D-64FB-4BC5-B290-5FDB9A115140}"
EndProject
Project("{FAE04EC0-301F-11D3-BF4B-00C04F79EFBC}") = "DarkCloud.Memory.Windows.IntegrationTests", "tests\DarkCloud.Memory.Windows.IntegrationTests\DarkCloud.Memory.Windows.IntegrationTests.csproj", "{1302D096-8FA6-4152-B4D2-E5EDB1A6817E}"
EndProject
Project("{FAE04EC0-301F-11D3-BF4B-00C04F79EFBC}") = "DarkCloud.Core", "src\DarkCloud.Core\DarkCloud.Core.csproj", "{34805B4E-98BE-4D80-BA53-420D92C05427}"
EndProject
Project("{FAE04EC0-301F-11D3-BF4B-00C04F79EFBC}") = "DarkCloud.Core.Tests", "tests\DarkCloud.Core.Tests\DarkCloud.Core.Tests.csproj", "{C0CFD894-D4D9-4FB3-99DB-53C19BFECC74}"
EndProject
Project("{FAE04EC0-301F-11D3-BF4B-00C04F79EFBC}") = "DarkCloud.Memory.Windows", "src\DarkCloud.Memory.Windows\DarkCloud.Memory.Windows.csproj", "{D9BD272E-00B9-40E4-A2F2-05B8F9D91C17}"
EndProject
Project("{FAE04EC0-301F-11D3-BF4B-00C04F79EFBC}") = "DarkCloud.App.WinForms", "src\DarkCloud.App.WinForms\DarkCloud.App.WinForms.csproj", "{31A7E5CA-BAFA-41B8-B327-BC4281B0E0E5}"
EndProject
Project("{FAE04EC0-301F-11D3-BF4B-00C04F79EFBC}") = "DarkCloud.Memory.Abstractions.Tests", "tests\DarkCloud.Memory.Abstractions.Tests\DarkCloud.Memory.Abstractions.Tests.csproj", "{4C007977-72A7-4B74-B477-6F0C3D869DEB}"
EndProject
Global
	GlobalSection(SolutionConfigurationPlatforms) = preSolution
		Debug|Any CPU = Debug|Any CPU
		Release|Any CPU = Release|Any CPU
		Release|x64 = Release|x64
	EndGlobalSection
	GlobalSection(ProjectConfigurationPlatforms) = postSolution
		{3A86850C-FEA6-4F9E-BEF7-8EF3704F854A}.Debug|Any CPU.ActiveCfg = Debug|x64
		{3A86850C-FEA6-4F9E-BEF7-8EF3704F854A}.Release|Any CPU.ActiveCfg = Release|x64
		{3A86850C-FEA6-4F9E-BEF7-8EF3704F854A}.Release|x64.ActiveCfg = Release|x64
		{3A86850C-FEA6-4F9E-BEF7-8EF3704F854A}.Release|x64.Build.0 = Release|x64
		{05B3D7B6-152D-4936-BE4A-B352CE971CEB}.Debug|Any CPU.ActiveCfg = Debug|Any CPU
		{05B3D7B6-152D-4936-BE4A-B352CE971CEB}.Debug|Any CPU.Build.0 = Debug|Any CPU
		{05B3D7B6-152D-4936-BE4A-B352CE971CEB}.Release|Any CPU.ActiveCfg = Debug|Any CPU
		{05B3D7B6-152D-4936-BE4A-B352CE971CEB}.Release|Any CPU.Build.0 = Debug|Any CPU
		{05B3D7B6-152D-4936-BE4A-B352CE971CEB}.Release|x64.ActiveCfg = Debug|Any CPU
		{05B3D7B6-152D-4936-BE4A-B352CE971CEB}.Release|x64.Build.0 = Debug|Any CPU
		{024395CB-F045-408E-99D0-FF5C085E8BD3}.Debug|Any CPU.ActiveCfg = Debug|Any CPU
		{024395CB-F045-408E-99D0-FF5C085E8BD3}.Debug|Any CPU.Build.0 = Debug|Any CPU
		{024395CB-F045-408E-99D0-FF5C085E8BD3}.Release|Any CPU.ActiveCfg = Debug|Any CPU
		{024395CB-F045-408E-99D0-FF5C085E8BD3}.Release|Any CPU.Build.0 = Debug|Any CPU
		{024395CB-F045-408E-99D0-FF5C085E8BD3}.Release|x64.ActiveCfg = Debug|Any CPU
		{024395CB-F045-408E-99D0-FF5C085E8BD3}.Release|x64.Build.0 = Debug|Any CPU
		{2D9383A5-2190-4B76-923F-AA834D863FA2}.Debug|Any CPU.ActiveCfg = Debug|Any CPU
		{2D9383A5-2190-4B76-923F-AA834D863FA2}.Debug|Any CPU.Build.0 = Debug|Any CPU
		{2D9383A5-2190-4B76-923F-AA834D863FA2}.Release|Any CPU.ActiveCfg = Debug|Any CPU
		{2D9383A5-2190-4B76-923F-AA834D863FA2}.Release|Any CPU.Build.0 = Debug|Any CPU
		{2D9383A5-2190-4B76-923F-AA834D863FA2}.Release|x64.ActiveCfg = Debug|Any CPU
		{2D9383A5-2190-4B76-923F-AA834D863FA2}.Release|x64.Build.0 = Debug|Any CPU
		{D7B1BF64-20B3-4F17-9FD1-5CBDF4651D9B}.Debug|Any CPU.ActiveCfg = Debug|Any CPU
		{D7B1BF64-20B3-4F17-9FD1-5CBDF4651D9B}.Debug|Any CPU.Build.0 = Debug|Any CPU
		{D7B1BF64-20B3-4F17-9FD1-5CBDF4651D9B}.Release|Any CPU.ActiveCfg = Debug|Any CPU
		{D7B1BF64-20B3-4F17-9FD1-5CBDF4651D9B}.Release|Any CPU.Build.0 = Debug|Any CPU
		{D7B1BF64-20B3-4F17-9FD1-5CBDF4651D9B}.Release|x64.ActiveCfg = Debug|Any CPU
		{D7B1BF64-20B3-4F17-9FD1-5CBDF4651D9B}.Release|x64.Build.0 = Debug|Any CPU
		{A09E496D-64FB-4BC5-B290-5FDB9A115140}.Debug|Any CPU.ActiveCfg = Debug|Any CPU
		{A09E496D-64FB-4BC5-B290-5FDB9A115140}.Debug|Any CPU.Build.0 = Debug|Any CPU
		{A09E496D-64FB-4BC5-B290-5FDB9A115140}.Release|Any CPU.ActiveCfg = Debug|Any CPU
		{A09E496D-64FB-4BC5-B290-5FDB9A115140}.Release|Any CPU.Build.0 = Release|Any CPU
		{A09E496D-64FB-4BC5-B290-5FDB9A115140}.Release|x64.ActiveCfg = Debug|Any CPU
		{A09E496D-64FB-4BC5-B290-5FDB9A115140}.Release|x64.Build.0 = Debug|Any CPU
		{1302D096-8FA6-4152-B4D2-E5EDB1A6817E}.Debug|Any CPU.ActiveCfg = Debug|Any CPU
		{1302D096-8FA6-4152-B4D2-E5EDB1A6817E}.Debug|Any CPU.Build.0 = Debug|Any CPU
		{1302D096-8FA6-4152-B4D2-E5EDB1A6817E}.Release|Any CPU.ActiveCfg = Debug|Any CPU
		{1302D096-8FA6-4152-B4D2-E5EDB1A6817E}.Release|Any CPU.Build.0 = Debug|Any CPU
		{1302D096-8FA6-4152-B4D2-E5EDB1A6817E}.Release|x64.ActiveCfg = Debug|Any CPU
		{1302D096-8FA6-4152-B4D2-E5EDB1A6817E}.Release|x64.Build.0 = Debug|Any CPU
		{34805B4E-98BE-4D80-BA53-420D92C05427}.Debug|Any CPU.ActiveCfg = Debug|Any CPU
		{34805B4E-98BE-4D80-BA53-420D92C05427}.Debug|Any CPU.Build.0 = Debug|Any CPU
		{34805B4E-98BE-4D80-BA53-420D92C05427}.Release|Any CPU.ActiveCfg = Debug|Any CPU
		{34805B4E-98BE-4D80-BA53-420D92C05427}.Release|Any CPU.Build.0 = Debug|Any CPU
		{34805B4E-98BE-4D80-BA53-420D92C05427}.Release|x64.ActiveCfg = Debug|Any CPU
		{34805B4E-98BE-4D80-BA53-420D92C05427}.Release|x64.Build.0 = Debug|Any CPU
		{C0CFD894-D4D9-4FB3-99DB-53C19BFECC74}.Debug|Any CPU.ActiveCfg = Debug|Any CPU
		{C0CFD894-D4D9-4FB3-99DB-53C19BFECC74}.Debug|Any CPU.Build.0 = Debug|Any CPU
		{C0CFD894-D4D9-4FB3-99DB-53C19BFECC74}.Release|Any CPU.ActiveCfg = Debug|Any CPU
		{C0CFD894-D4D9-4FB3-99DB-53C19BFECC74}.Release|Any CPU.Build.0 = Debug|Any CPU
		{C0CFD894-D4D9-4FB3-99DB-53C19BFECC74}.Release|x64.ActiveCfg = Debug|Any CPU
		{C0CFD894-D4D9-4FB3-99DB-53C19BFECC74}.Release|x64.Build.0 = Debug|Any CPU
		{D9BD272E-00B9-40E4-A2F2-05B8F9D91C17}.Debug|Any CPU.ActiveCfg = Debug|Any CPU
		{D9BD272E-00B9-40E4-A2F2-05B8F9D91C17}.Debug|Any CPU.Build.0 = Debug|Any CPU
		{D9BD272E-00B9-40E4-A2F2-05B8F9D91C17}.Release|Any CPU.ActiveCfg = Debug|Any CPU
		{D9BD272E-00B9-40E4-A2F2-05B8F9D91C17}.Release|Any CPU.Build.0 = Debug|Any CPU
		{D9BD272E-00B9-40E4-A2F2-05B8F9D91C17}.Release|x64.ActiveCfg = Debug|Any CPU
		{D9BD272E-00B9-40E4-A2F2-05B8F9D91C17}.Release|x64.Build.0 = Debug|Any CPU
		{31A7E5CA-BAFA-41B8-B327-BC4281B0E0E5}.Debug|Any CPU.ActiveCfg = Debug|Any CPU
		{31A7E5CA-BAFA-41B8-B327-BC4281B0E0E5}.Debug|Any CPU.Build.0 = Debug|Any CPU
		{31A7E5CA-BAFA-41B8-B327-BC4281B0E0E5}.Release|Any CPU.ActiveCfg = Debug|Any CPU
		{31A7E5CA-BAFA-41B8-B327-BC4281B0E0E5}.Release|Any CPU.Build.0 = Debug|Any CPU
		{31A7E5CA-BAFA-41B8-B327-BC4281B0E0E5}.Release|x64.ActiveCfg = Debug|Any CPU
		{31A7E5CA-BAFA-41B8-B327-BC4281B0E0E5}.Release|x64.Build.0 = Debug|Any CPU
		{4C007977-72A7-4B74-B477-6F0C3D869DEB}.Debug|Any CPU.ActiveCfg = Debug|Any CPU
		{4C007977-72A7-4B74-B477-6F0C3D869DEB}.Debug|Any CPU.Build.0 = Debug|Any CPU
		{4C007977-72A7-4B74-B477-6F0C3D869DEB}.Release|Any CPU.ActiveCfg = Debug|Any CPU
		{4C007977-72A7-4B74-B477-6F0C3D869DEB}.Release|Any CPU.Build.0 = Debug|Any CPU
		{4C007977-72A7-4B74-B477-6F0C3D869DEB}.Release|x64.ActiveCfg = Debug|Any CPU
		{4C007977-72A7-4B74-B477-6F0C3D869DEB}.Release|x64.Build.0 = Debug|Any CPU
	EndGlobalSection
	GlobalSection(SolutionProperties) = preSolution
		HideSolutionNode = FALSE
	EndGlobalSection
	GlobalSection(ExtensibilityGlobals) = postSolution
		SolutionGuid = {BB0EFAC4-B280-4B9C-A5B9-07DB161327E2}
	EndGlobalSection
	GlobalSection(NestedProjects) = preSolution
		{05B3D7B6-152D-4936-BE4A-B352CE971CEB} = {0B3B4EB0-F44F-4302-8C75-4FD25AE23591}
		{024395CB-F045-408E-99D0-FF5C085E8BD3} = {6DE9B69B-162A-47E6-AC39-E40AE35AA716}
		{2D9383A5-2190-4B76-923F-AA834D863FA2} = {6DE9B69B-162A-47E6-AC39-E40AE35AA716}
		{D7B1BF64-20B3-4F17-9FD1-5CBDF4651D9B} = {A548299F-A303-4598-A685-4CD180EFF77D}
		{A09E496D-64FB-4BC5-B290-5FDB9A115140} = {6DE9B69B-162A-47E6-AC39-E40AE35AA716}
		{1302D096-8FA6-4152-B4D2-E5EDB1A6817E} = {6DE9B69B-162A-47E6-AC39-E40AE35AA716}
		{34805B4E-98BE-4D80-BA53-420D92C05427} = {0B3B4EB0-F44F-4302-8C75-4FD25AE23591}
		{C0CFD894-D4D9-4FB3-99DB-53C19BFECC74} = {6DE9B69B-162A-47E6-AC39-E40AE35AA716}
		{D9BD272E-00B9-40E4-A2F2-05B8F9D91C17} = {0B3B4EB0-F44F-4302-8C75-4FD25AE23591}
		{31A7E5CA-BAFA-41B8-B327-BC4281B0E0E5} = {0B3B4EB0-F44F-4302-8C75-4FD25AE23591}
		{4C007977-72A7-4B74-B477-6F0C3D869DEB} = {6DE9B69B-162A-47E6-AC39-E40AE35AA716}
	EndGlobalSection
EndGlobal
