{
  "version": 1,
  "dependencies": {
    "net8.0-windows7.0": {
      "Newtonsoft.Json": {
        "type": "Direct",
        "requested": "[13.0.3, )",
        "resolved": "13.0.3",
        "contentHash": "HrC5BXdl00IP9zeV+0Z848QWPAoCr9P3bDEZguI+gkLcBKAOxix/tLEAAHC+UvDNPv4a2d18lOReHMOagPa+zQ=="
      },
      "darkcloud.core": {
        "type": "Project",
        "dependencies": {
          "DarkCloud.Memory.Abstractions": "[1.0.0, )"
        }
      },
      "darkcloud.memory.abstractions": {
        "type": "Project"
      },
      "darkcloud.memory.windows": {
        "type": "Project",
        "dependencies": {
          "DarkCloud.Core": "[1.0.0, )",
          "DarkCloud.Memory.Abstractions": "[1.0.0, )"
        }
      }
    }
  }
}